// !$*UTF8*$!
{
	archiveVersion = 1;
	classes = {
	};
	objectVersion = 50;
	objects = {

/* Begin PBXBuildFile section */
		CDE16AF824DC6AEB00F1E7AF /* AppDelegate.swift in Sources */ = {isa = PBXBuildFile; fileRef = CDE16AF724DC6AEB00F1E7AF /* AppDelegate.swift */; };
		CDE16AFA24DC6AEB00F1E7AF /* ViewController.swift in Sources */ = {isa = PBXBuildFile; fileRef = CDE16AF924DC6AEB00F1E7AF /* ViewController.swift */; };
		CDE16AFC24DC6AEB00F1E7AF /* Experience.rcproject in Sources */ = {isa = PBXBuildFile; fileRef = CDE16AFB24DC6AEB00F1E7AF /* Experience.rcproject */; };
		CDE16AFF24DC6AEB00F1E7AF /* Main.storyboard in Resources */ = {isa = PBXBuildFile; fileRef = CDE16AFD24DC6AEB00F1E7AF /* Main.storyboard */; };
		CDE16B0124DC6AED00F1E7AF /* Assets.xcassets in Resources */ = {isa = PBXBuildFile; fileRef = CDE16B0024DC6AED00F1E7AF /* Assets.xcassets */; };
		CDE16B0424DC6AED00F1E7AF /* LaunchScreen.storyboard in Resources */ = {isa = PBXBuildFile; fileRef = CDE16B0224DC6AED00F1E7AF /* LaunchScreen.storyboard */; };
/* End PBXBuildFile section */

/* Begin PBXFileReference section */
		CDE16AF424DC6AEB00F1E7AF /* bARcode.app */ = {isa = PBXFileReference; explicitFileType = wrapper.application; includeInIndex = 0; path = bARcode.app; sourceTree = BUILT_PRODUCTS_DIR; };
		CDE16AF724DC6AEB00F1E7AF /* AppDelegate.swift */ = {isa = PBXFileReference; lastKnownFileType = sourcecode.swift; path = AppDelegate.swift; sourceTree = "<group>"; };
		CDE16AF924DC6AEB00F1E7AF /* ViewController.swift */ = {isa = PBXFileReference; lastKnownFileType = sourcecode.swift; path = ViewController.swift; sourceTree = "<group>"; };
		CDE16AFB24DC6AEB00F1E7AF /* Experience.rcproject */ = {isa = PBXFileReference; lastKnownFileType = file.rcproject; path = Experience.rcproject; sourceTree = "<group>"; };
		CDE16AFE24DC6AEB00F1E7AF /* Base */ = {isa = PBXFileReference; lastKnownFileType = file.storyboard; name = Base; path = Base.lproj/Main.storyboard; sourceTree = "<group>"; };
		CDE16B0024DC6AED00F1E7AF /* Assets.xcassets */ = {isa = PBXFileReference; lastKnownFileType = folder.assetcatalog; path = Assets.xcassets; sourceTree = "<group>"; };
		CDE16B0324DC6AED00F1E7AF /* Base */ = {isa = PBXFileReference; lastKnownFileType = file.storyboard; name = Base; path = Base.lproj/LaunchScreen.storyboard; sourceTree = "<group>"; };
		CDE16B0524DC6AED00F1E7AF /* Info.plist */ = {isa = PBXFileReference; lastKnownFileType = text.plist.xml; path = Info.plist; sourceTree = "<group>"; };
/* End PBXFileReference section */

/* Begin PBXFrameworksBuildPhase section */
		CDE16AF124DC6AEB00F1E7AF /* Frameworks */ = {
			isa = PBXFrameworksBuildPhase;
			buildActionMask = 2147483647;
			files = (
			);
			runOnlyForDeploymentPostprocessing = 0;
		};
/* End PBXFrameworksBuildPhase section */

/* Begin PBXGroup section */
		CDE16AEB24DC6AEB00F1E7AF = {
			isa = PBXGroup;
			children = (
				CDE16AF624DC6AEB00F1E7AF /* bARcode */,
				CDE16AF524DC6AEB00F1E7AF /* Products */,
			);
			sourceTree = "<group>";
		};
		CDE16AF524DC6AEB00F1E7AF /* Products */ = {
			isa = PBXGroup;
			children = (
				CDE16AF424DC6AEB00F1E7AF /* bARcode.app */,
			);
			name = Products;
			sourceTree = "<group>";
		};
		CDE16AF624DC6AEB00F1E7AF /* bARcode */ = {
			isa = PBXGroup;
			children = (
				CDE16AF724DC6AEB00F1E7AF /* AppDelegate.swift */,
				CDE16AF924DC6AEB00F1E7AF /* ViewController.swift */,
				CDE16AFB24DC6AEB00F1E7AF /* Experience.rcproject */,
				CDE16AFD24DC6AEB00F1E7AF /* Main.storyboard */,
				CDE16B0024DC6AED00F1E7AF /* Assets.xcassets */,
				CDE16B0224DC6AED00F1E7AF /* LaunchScreen.storyboard */,
				CDE16B0524DC6AED00F1E7AF /* Info.plist */,
			);
			path = bARcode;
			sourceTree = "<group>";
		};
/* End PBXGroup section */

/* Begin PBXNativeTarget section */
		CDE16AF324DC6AEB00F1E7AF /* bARcode */ = {
			isa = PBXNativeTarget;
			buildConfigurationList = CDE16B0824DC6AED00F1E7AF /* Build configuration list for PBXNativeTarget "bARcode" */;
			buildPhases = (
				CDE16AF024DC6AEB00F1E7AF /* Sources */,
				CDE16AF124DC6AEB00F1E7AF /* Frameworks */,
				CDE16AF224DC6AEB00F1E7AF /* Resources */,
			);
			buildRules = (
			);
			dependencies = (
			);
			name = bARcode;
			productName = bARcode;
			productReference = CDE16AF424DC6AEB00F1E7AF /* bARcode.app */;
			productType = "com.apple.product-type.application";
		};
/* End PBXNativeTarget section */

/* Begin PBXProject section */
		CDE16AEC24DC6AEB00F1E7AF /* Project object */ = {
			isa = PBXProject;
			attributes = {
				LastSwiftUpdateCheck = 1160;
				LastUpgradeCheck = 1160;
				ORGANIZATIONNAME = test;
				TargetAttributes = {
					CDE16AF324DC6AEB00F1E7AF = {
						CreatedOnToolsVersion = 11.6;
					};
				};
			};
			buildConfigurationList = CDE16AEF24DC6AEB00F1E7AF /* Build configuration list for PBXProject "bARcode" */;
			compatibilityVersion = "Xcode 9.3";
			developmentRegion = en;
			hasScannedForEncodings = 0;
			knownRegions = (
				en,
				Base,
			);
			mainGroup = CDE16AEB24DC6AEB00F1E7AF;
			productRefGroup = CDE16AF524DC6AEB00F1E7AF /* Products */;
			projectDirPath = "";
			projectRoot = "";
			targets = (
				CDE16AF324DC6AEB00F1E7AF /* bARcode */,
			);
		};
/* End PBXProject section */

/* Begin PBXResourcesBuildPhase section */
		CDE16AF224DC6AEB00F1E7AF /* Resources */ = {
			isa = PBXResourcesBuildPhase;
			buildActionMask = 2147483647;
			files = (
				CDE16B0424DC6AED00F1E7AF /* LaunchScreen.storyboard in Resources */,
				CDE16B0124DC6AED00F1E7AF /* Assets.xcassets in Resources */,
				CDE16AFF24DC6AEB00F1E7AF /* Main.storyboard in Resources */,
			);
			runOnlyForDeploymentPostprocessing = 0;
		};
/* End PBXResourcesBuildPhase section */

/* Begin PBXSourcesBuildPhase section */
		CDE16AF024DC6AEB00F1E7AF /* Sources */ = {
			isa = PBXSourcesBuildPhase;
			buildActionMask = 2147483647;
			files = (
				CDE16AFA24DC6AEB00F1E7AF /* ViewController.swift in Sources */,
				CDE16AF824DC6AEB00F1E7AF /* AppDelegate.swift in Sources */,
				CDE16AFC24DC6AEB00F1E7AF /* Experience.rcproject in Sources */,
			);
			runOnlyForDeploymentPostprocessing = 0;
		};
/* End PBXSourcesBuildPhase section */

/* Begin PBXVariantGroup section */
		CDE16AFD24DC6AEB00F1E7AF /* Main.storyboard */ = {
			isa = PBXVariantGroup;
			children = (
				CDE16AFE24DC6AEB00F1E7AF /* Base */,
			);
			name = Main.storyboard;
			sourceTree = "<group>";
		};
		CDE16B0224DC6AED00F1E7AF /* LaunchScreen.storyboard */ = {
			isa = PBXVariantGroup;
			children = (
				CDE16B0324DC6AED00F1E7AF /* Base */,
			);
			name = LaunchScreen.storyboard;
			sourceTree = "<group>";
		};
/* End PBXVariantGroup section */

/* Begin XCBuildConfiguration section */
		CDE16B0624DC6AED00F1E7AF /* Debug */ = {
			isa = XCBuildConfiguration;
			buildSettings = {
				ALWAYS_SEARCH_USER_PATHS = NO;
				CLANG_ANALYZER_NONNULL = YES;
				CLANG_ANALYZER_NUMBER_OBJECT_CONVERSION = YES_AGGRESSIVE;
				CLANG_CXX_LANGUAGE_STANDARD = "gnu++14";
				CLANG_CXX_LIBRARY = "libc++";
				CLANG_ENABLE_MODULES = YES;
				CLANG_ENABLE_OBJC_ARC = YES;
				CLANG_ENABLE_OBJC_WEAK = YES;
				CLANG_WARN_BLOCK_CAPTURE_AUTORELEASING = YES;
				CLANG_WARN_BOOL_CONVERSION = YES;
				CLANG_WARN_COMMA = YES;
				CLANG_WARN_CONSTANT_CONVERSION = YES;
				CLANG_WARN_DEPRECATED_OBJC_IMPLEMENTATIONS = YES;
				CLANG_WARN_DIRECT_OBJC_ISA_USAGE = YES_ERROR;
				CLANG_WARN_DOCUMENTATION_COMMENTS = YES;
				CLANG_WARN_EMPTY_BODY = YES;
				CLANG_WARN_ENUM_CONVERSION = YES;
				CLANG_WARN_INFINITE_RECURSION = YES;
				CLANG_WARN_INT_CONVERSION = YES;
				CLANG_WARN_NON_LITERAL_NULL_CONVERSION = YES;
				CLANG_WARN_OBJC_IMPLICIT_RETAIN_SELF = YES;
				CLANG_WARN_OBJC_LITERAL_CONVERSION = YES;
				CLANG_WARN_OBJC_ROOT_CLASS = YES_ERROR;
				CLANG_WARN_RANGE_LOOP_ANALYSIS = YES;
				CLANG_WARN_STRICT_PROTOTYPES = YES;
				CLANG_WARN_SUSPICIOUS_MOVE = YES;
				CLANG_WARN_UNGUARDED_AVAILABILITY = YES_AGGRESSIVE;
				CLANG_WARN_UNREACHABLE_CODE = YES;
				CLANG_WARN__DUPLICATE_METHOD_MATCH = YES;
				COPY_PHASE_STRIP = NO;
				DEBUG_INFORMATION_FORMAT = dwarf;
				ENABLE_STRICT_OBJC_MSGSEND = YES;
				ENABLE_TESTABILITY = YES;
				GCC_C_LANGUAGE_STANDARD = gnu11;
				GCC_DYNAMIC_NO_PIC = NO;
				GCC_NO_COMMON_BLOCKS = YES;
				GCC_OPTIMIZATION_LEVEL = 0;
				GCC_PREPROCESSOR_DEFINITIONS = (
					"DEBUG=1",
					"$(inherited)",
				);
				GCC_WARN_64_TO_32_BIT_CONVERSION = YES;
				GCC_WARN_ABOUT_RETURN_TYPE = YES_ERROR;
				GCC_WARN_UNDECLARED_SELECTOR = YES;
				GCC_WARN_UNINITIALIZED_AUTOS = YES_AGGRESSIVE;
				GCC_WARN_UNUSED_FUNCTION = YES;
				GCC_WARN_UNUSED_VARIABLE = YES;
				IPHONEOS_DEPLOYMENT_TARGET = 13.6;
				MTL_ENABLE_DEBUG_INFO = INCLUDE_SOURCE;
				MTL_FAST_MATH = YES;
				ONLY_ACTIVE_ARCH = YES;
				SDKROOT = iphoneos;
				SWIFT_ACTIVE_COMPILATION_CONDITIONS = DEBUG;
				SWIFT_OPTIMIZATION_LEVEL = "-Onone";
			};
			name = Debug;
		};
		CDE16B0724DC6AED00F1E7AF /* Release */ = {
			isa = XCBuildConfiguration;
			buildSettings = {
				ALWAYS_SEARCH_USER_PATHS = NO;
				CLANG_ANALYZER_NONNULL = YES;
				CLANG_ANALYZER_NUMBER_OBJECT_CONVERSION = YES_AGGRESSIVE;
				CLANG_CXX_LANGUAGE_STANDARD = "gnu++14";
				CLANG_CXX_LIBRARY = "libc++";
				CLANG_ENABLE_MODULES = YES;
				CLANG_ENABLE_OBJC_ARC = YES;
				CLANG_ENABLE_OBJC_WEAK = YES;
				CLANG_WARN_BLOCK_CAPTURE_AUTORELEASING = YES;
				CLANG_WARN_BOOL_CONVERSION = YES;
				CLANG_WARN_COMMA = YES;
				CLANG_WARN_CONSTANT_CONVERSION = YES;
				CLANG_WARN_DEPRECATED_OBJC_IMPLEMENTATIONS = YES;
				CLANG_WARN_DIRECT_OBJC_ISA_USAGE = YES_ERROR;
				CLANG_WARN_DOCUMENTATION_COMMENTS = YES;
				CLANG_WARN_EMPTY_BODY = YES;
				CLANG_WARN_ENUM_CONVERSION = YES;
				CLANG_WARN_INFINITE_RECURSION = YES;
				CLANG_WARN_INT_CONVERSION = YES;
				CLANG_WARN_NON_LITERAL_NULL_CONVERSION = YES;
				CLANG_WARN_OBJC_IMPLICIT_RETAIN_SELF = YES;
				CLANG_WARN_OBJC_LITERAL_CONVERSION = YES;
				CLANG_WARN_OBJC_ROOT_CLASS = YES_ERROR;
				CLANG_WARN_RANGE_LOOP_ANALYSIS = YES;
				CLANG_WARN_STRICT_PROTOTYPES = YES;
				CLANG_WARN_SUSPICIOUS_MOVE = YES;
				CLANG_WARN_UNGUARDED_AVAILABILITY = YES_AGGRESSIVE;
				CLANG_WARN_UNREACHABLE_CODE = YES;
				CLANG_WARN__DUPLICATE_METHOD_MATCH = YES;
				COPY_PHASE_STRIP = NO;
				DEBUG_INFORMATION_FORMAT = "dwarf-with-dsym";
				ENABLE_NS_ASSERTIONS = NO;
				ENABLE_STRICT_OBJC_MSGSEND = YES;
				GCC_C_LANGUAGE_STANDARD = gnu11;
				GCC_NO_COMMON_BLOCKS = YES;
				GCC_WARN_64_TO_32_BIT_CONVERSION = YES;
				GCC_WARN_ABOUT_RETURN_TYPE = YES_ERROR;
				GCC_WARN_UNDECLARED_SELECTOR = YES;
				GCC_WARN_UNINITIALIZED_AUTOS = YES_AGGRESSIVE;
				GCC_WARN_UNUSED_FUNCTION = YES;
				GCC_WARN_UNUSED_VARIABLE = YES;
				IPHONEOS_DEPLOYMENT_TARGET = 13.6;
				MTL_ENABLE_DEBUG_INFO = NO;
				MTL_FAST_MATH = YES;
				SDKROOT = iphoneos;
				SWIFT_COMPILATION_MODE = wholemodule;
				SWIFT_OPTIMIZATION_LEVEL = "-O";
				VALIDATE_PRODUCT = YES;
			};
			name = Release;
		};
		CDE16B0924DC6AED00F1E7AF /* Debug */ = {
			isa = XCBuildConfiguration;
			buildSettings = {
				ASSETCATALOG_COMPILER_APPICON_NAME = AppIcon;
				CODE_SIGN_STYLE = Automatic;
				DEVELOPMENT_TEAM = 7XUN9ZRRL6;
				INFOPLIST_FILE = bARcode/Info.plist;
				LD_RUNPATH_SEARCH_PATHS = (
					"$(inherited)",
					"@executable_path/Frameworks",
				);
				PRODUCT_BUNDLE_IDENTIFIER = com.test.bARcode;
				PRODUCT_NAME = "$(TARGET_NAME)";
				SWIFT_VERSION = 5.0;
				TARGETED_DEVICE_FAMILY = "1,2";
			};
			name = Debug;
		};
		CDE16B0A24DC6AED00F1E7AF /* Release */ = {
			isa = XCBuildConfiguration;
			buildSettings = {
				ASSETCATALOG_COMPILER_APPICON_NAME = AppIcon;
				CODE_SIGN_STYLE = Automatic;
				DEVELOPMENT_TEAM = 7XUN9ZRRL6;
				INFOPLIST_FILE = bARcode/Info.plist;
				LD_RUNPATH_SEARCH_PATHS = (
					"$(inherited)",
					"@executable_path/Frameworks",
				);
				PRODUCT_BUNDLE_IDENTIFIER = com.test.bARcode;
				PRODUCT_NAME = "$(TARGET_NAME)";
				SWIFT_VERSION = 5.0;
				TARGETED_DEVICE_FAMILY = "1,2";
			};
			name = Release;
		};
/* End XCBuildConfiguration section */

/* Begin XCConfigurationList section */
		CDE16AEF24DC6AEB00F1E7AF /* Build configuration list for PBXProject "bARcode" */ = {
			isa = XCConfigurationList;
			buildConfigurations = (
				CDE16B0624DC6AED00F1E7AF /* Debug */,
				CDE16B0724DC6AED00F1E7AF /* Release */,
			);
			defaultConfigurationIsVisible = 0;
			defaultConfigurationName = Release;
		};
		CDE16B0824DC6AED00F1E7AF /* Build configuration list for PBXNativeTarget "bARcode" */ = {
			isa = XCConfigurationList;
			buildConfigurations = (
				CDE16B0924DC6AED00F1E7AF /* Debug */,
				CDE16B0A24DC6AED00F1E7AF /* Release */,
			);
			defaultConfigurationIsVisible = 0;
			defaultConfigurationName = Release;
		};
/* End XCConfigurationList section */
	};
	rootObject = CDE16AEC24DC6AEB00F1E7AF /* Project object */;
}
